
Microsoft Visual Studio Solution File, Format Version 12.00
# Visual Studio Version 16
VisualStudioVersion = 16.0.32510.428
MinimumVisualStudioVersion = 10.0.40219.1
Project("{FAE04EC0-301F-11D3-BF4B-00C04F79EFBC}") = "ZeitPlan.Android", "ZeitPlan\ZeitPlan.Android\ZeitPlan.Android.csproj", "{2DA1B991-CD42-4493-9A55-800A46D6B815}"
EndProject
Project("{FAE04EC0-301F-11D3-BF4B-00C04F79EFBC}") = "ZeitPlan.iOS", "ZeitPlan\ZeitPlan.iOS\ZeitPlan.iOS.csproj", "{C02E0077-4BFD-424B-A279-D41BFD731F17}"
EndProject
Project("{9A19103F-16F7-4668-BE54-9A1E7A4F7556}") = "ZeitPlan", "ZeitPlan\ZeitPlan\ZeitPlan.csproj", "{325FFB42-6D86-4545-AECC-DC882BD2C851}"
EndProject
Global
	GlobalSection(SolutionConfigurationPlatforms) = preSolution
		Debug|Any CPU = Debug|Any CPU
		Debug|iPhone = Debug|iPhone
		Debug|iPhoneSimulator = Debug|iPhoneSimulator
		Release|Any CPU = Release|Any CPU
		Release|iPhone = Release|iPhone
		Release|iPhoneSimulator = Release|iPhoneSimulator
	EndGlobalSection
	GlobalSection(ProjectConfigurationPlatforms) = postSolution
		{2DA1B991-CD42-4493-9A55-800A46D6B815}.Debug|Any CPU.ActiveCfg = Debug|Any CPU
		{2DA1B991-CD42-4493-9A55-800A46D6B815}.Debug|Any CPU.Build.0 = Debug|Any CPU
		{2DA1B991-CD42-4493-9A55-800A46D6B815}.Debug|Any CPU.Deploy.0 = Debug|Any CPU
		{2DA1B991-CD42-4493-9A55-800A46D6B815}.Debug|iPhone.ActiveCfg = Debug|Any CPU
		{2DA1B991-CD42-4493-9A55-800A46D6B815}.Debug|iPhone.Build.0 = Debug|Any CPU
		{2DA1B991-CD42-4493-9A55-800A46D6B815}.Debug|iPhone.Deploy.0 = Debug|Any CPU
		{2DA1B991-CD42-4493-9A55-800A46D6B815}.Debug|iPhoneSimulator.ActiveCfg = Debug|Any CPU
		{2DA1B991-CD42-4493-9A55-800A46D6B815}.Debug|iPhoneSimulator.Build.0 = Debug|Any CPU
		{2DA1B991-CD42-4493-9A55-800A46D6B815}.Debug|iPhoneSimulator.Deploy.0 = Debug|Any CPU
		{2DA1B991-CD42-4493-9A55-800A46D6B815}.Release|Any CPU.ActiveCfg = Release|Any CPU
		{2DA1B991-CD42-4493-9A55-800A46D6B815}.Release|Any CPU.Build.0 = Release|Any CPU
		{2DA1B991-CD42-4493-9A55-800A46D6B815}.Release|Any CPU.Deploy.0 = Release|Any CPU
		{2DA1B991-CD42-4493-9A55-800A46D6B815}.Release|iPhone.ActiveCfg = Release|Any CPU
		{2DA1B991-CD42-4493-9A55-800A46D6B815}.Release|iPhone.Build.0 = Release|Any CPU
		{2DA1B991-CD42-4493-9A55-800A46D6B815}.Release|iPhone.Deploy.0 = Release|Any CPU
		{2DA1B991-CD42-4493-9A55-800A46D6B815}.Release|iPhoneSimulator.ActiveCfg = Release|Any CPU
		{2DA1B991-CD42-4493-9A55-800A46D6B815}.Release|iPhoneSimulator.Build.0 = Release|Any CPU
		{2DA1B991-CD42-4493-9A55-800A46D6B815}.Release|iPhoneSimulator.Deploy.0 = Release|Any CPU
		{C02E0077-4BFD-424B-A279-D41BFD731F17}.Debug|Any CPU.ActiveCfg = Debug|iPhone
		{C02E0077-4BFD-424B-A279-D41BFD731F17}.Debug|Any CPU.Build.0 = Debug|iPhone
		{C02E0077-4BFD-424B-A279-D41BFD731F17}.Debug|Any CPU.Deploy.0 = Debug|iPhone
		{C02E0077-4BFD-424B-A279-D41BFD731F17}.Debug|iPhone.ActiveCfg = Debug|iPhone
		{C02E0077-4BFD-424B-A279-D41BFD731F17}.Debug|iPhone.Build.0 = Debug|iPhone
		{C02E0077-4BFD-424B-A279-D41BFD731F17}.Debug|iPhone.Deploy.0 = Debug|iPhone
		{C02E0077-4BFD-424B-A279-D41BFD731F17}.Debug|iPhoneSimulator.ActiveCfg = Debug|iPhoneSimulator
		{C02E0077-4BFD-424B-A279-D41BFD731F17}.Debug|iPhoneSimulator.Build.0 = Debug|iPhoneSimulator
		{C02E0077-4BFD-424B-A279-D41BFD731F17}.Debug|iPhoneSimulator.Deploy.0 = Debug|iPhoneSimulator
		{C02E0077-4BFD-424B-A279-D41BFD731F17}.Release|Any CPU.ActiveCfg = Release|iPhoneSimulator
		{C02E0077-4BFD-424B-A279-D41BFD731F17}.Release|Any CPU.Build.0 = Release|iPhoneSimulator
		{C02E0077-4BFD-424B-A279-D41BFD731F17}.Release|Any CPU.Deploy.0 = Release|iPhoneSimulator
		{C02E0077-4BFD-424B-A279-D41BFD731F17}.Release|iPhone.ActiveCfg = Release|iPhone
		{C02E0077-4BFD-424B-A279-D41BFD731F17}.Release|iPhone.Build.0 = Release|iPhone
		{C02E0077-4BFD-424B-A279-D41BFD731F17}.Release|iPhone.Deploy.0 = Release|iPhone
		{C02E0077-4BFD-424B-A279-D41BFD731F17}.Release|iPhoneSimulator.ActiveCfg = Release|iPhoneSimulator
		{C02E0077-4BFD-424B-A279-D41BFD731F17}.Release|iPhoneSimulator.Build.0 = Release|iPhoneSimulator
		{C02E0077-4BFD-424B-A279-D41BFD731F17}.Release|iPhoneSimulator.Deploy.0 = Release|iPhoneSimulator
		{325FFB42-6D86-4545-AECC-DC882BD2C851}.Debug|Any CPU.ActiveCfg = Debug|Any CPU
		{325FFB42-6D86-4545-AECC-DC882BD2C851}.Debug|Any CPU.Build.0 = Debug|Any CPU
		{325FFB42-6D86-4545-AECC-DC882BD2C851}.Debug|Any CPU.Deploy.0 = Debug|Any CPU
		{325FFB42-6D86-4545-AECC-DC882BD2C851}.Debug|iPhone.ActiveCfg = Debug|Any CPU
		{325FFB42-6D86-4545-AECC-DC882BD2C851}.Debug|iPhone.Build.0 = Debug|Any CPU
		{325FFB42-6D86-4545-AECC-DC882BD2C851}.Debug|iPhone.Deploy.0 = Debug|Any CPU
		{325FFB42-6D86-4545-AECC-DC882BD2C851}.Debug|iPhoneSimulator.ActiveCfg = Debug|Any CPU
		{325FFB42-6D86-4545-AECC-DC882BD2C851}.Debug|iPhoneSimulator.Build.0 = Debug|Any CPU
		{325FFB42-6D86-4545-AECC-DC882BD2C851}.Debug|iPhoneSimulator.Deploy.0 = Debug|Any CPU
		{325FFB42-6D86-4545-AECC-DC882BD2C851}.Release|Any CPU.ActiveCfg = Release|Any CPU
		{325FFB42-6D86-4545-AECC-DC882BD2C851}.Release|Any CPU.Build.0 = Release|Any CPU
		{325FFB42-6D86-4545-AECC-DC882BD2C851}.Release|Any CPU.Deploy.0 = Release|Any CPU
		{325FFB42-6D86-4545-AECC-DC882BD2C851}.Release|iPhone.ActiveCfg = Release|Any CPU
		{325FFB42-6D86-4545-AECC-DC882BD2C851}.Release|iPhone.Build.0 = Release|Any CPU
		{325FFB42-6D86-4545-AECC-DC882BD2C851}.Release|iPhone.Deploy.0 = Release|Any CPU
		{325FFB42-6D86-4545-AECC-DC882BD2C851}.Release|iPhoneSimulator.ActiveCfg = Release|Any CPU
		{325FFB42-6D86-4545-AECC-DC882BD2C851}.Release|iPhoneSimulator.Build.0 = Release|Any CPU
		{325FFB42-6D86-4545-AECC-DC882BD2C851}.Release|iPhoneSimulator.Deploy.0 = Release|Any CPU
	EndGlobalSection
	GlobalSection(SolutionProperties) = preSolution
		HideSolutionNode = FALSE
	EndGlobalSection
	GlobalSection(ExtensibilityGlobals) = postSolution
		SolutionGuid = {54073F3A-8279-4282-96E1-2E525B24DAEB}
	EndGlobalSection
EndGlobal
